
Microsoft Visual Studio Solution File, Format Version 12.00
# Visual Studio Version 17
VisualStudioVersion = 17.1.32328.378
MinimumVisualStudioVersion = 10.0.40219.1
Project("{FAE04EC0-301F-11D3-BF4B-00C04F79EFBC}") = "peliculas_api", "peliculas_api.csproj", "{BEA9C0D7-6EB5-4B02-ABD2-28122A6E9D79}"
EndProject
Global
	GlobalSection(SolutionConfigurationPlatforms) = preSolution
		Debug|Any CPU = Debug|Any CPU
		Release|Any CPU = Release|Any CPU
	EndGlobalSection
	GlobalSection(ProjectConfigurationPlatforms) = postSolution
		{BEA9C0D7-6EB5-4B02-ABD2-28122A6E9D79}.Debug|Any CPU.ActiveCfg = Debug|Any CPU
		{BEA9C0D7-6EB5-4B02-ABD2-28122A6E9D79}.Debug|Any CPU.Build.0 = Debug|Any CPU
		{BEA9C0D7-6EB5-4B02-ABD2-28122A6E9D79}.Release|Any CPU.ActiveCfg = Release|Any CPU
		{BEA9C0D7-6EB5-4B02-ABD2-28122A6E9D79}.Release|Any CPU.Build.0 = Release|Any CPU
	EndGlobalSection
	GlobalSection(SolutionProperties) = preSolution
		HideSolutionNode = FALSE
	EndGlobalSection
	GlobalSection(ExtensibilityGlobals) = postSolution
		SolutionGuid = {917466B7-9CCE-4D3C-907E-8E9DCE020BF7}
	EndGlobalSection
EndGlobal
